
Microsoft Visual Studio Solution File, Format Version 12.00
# Visual Studio Version 17
VisualStudioVersion = 17.10.35013.160
MinimumVisualStudioVersion = 10.0.40219.1
Project("{FAE04EC0-301F-11D3-BF4B-00C04F79EFBC}") = "WindowsFormsApp1", "WindowsFormsApp1\WindowsFormsApp1.csproj", "{064B85E9-E098-48B0-A0CE-51A840BDDE0D}"
EndProject
Global
	GlobalSection(SolutionConfigurationPlatforms) = preSolution
		Debug|Any CPU = Debug|Any CPU
		Release|Any CPU = Release|Any CPU
	EndGlobalSection
	GlobalSection(ProjectConfigurationPlatforms) = postSolution
		{064B85E9-E098-48B0-A0CE-51A840BDDE0D}.Debug|Any CPU.ActiveCfg = Debug|Any CPU
		{064B85E9-E098-48B0-A0CE-51A840BDDE0D}.Debug|Any CPU.Build.0 = Debug|Any CPU
		{064B85E9-E098-48B0-A0CE-51A840BDDE0D}.Release|Any CPU.ActiveCfg = Release|Any CPU
		{064B85E9-E098-48B0-A0CE-51A840BDDE0D}.Release|Any CPU.Build.0 = Release|Any CPU
	EndGlobalSection
	GlobalSection(SolutionProperties) = preSolution
		HideSolutionNode = FALSE
	EndGlobalSection
	GlobalSection(ExtensibilityGlobals) = postSolution
		SolutionGuid = {149AA3F9-EEDF-46CD-BC73-FFCB05EF435E}
	EndGlobalSection
EndGlobal
